// !$*UTF8*$!
{
	archiveVersion = 1;
	classes = {
	};
	objectVersion = 46;
	objects = {

/* Begin PBXBuildFile section */
		09E86A9EFBB5EC4AC6B3AC0D /* Pods_Peer_2_Peer.framework in Frameworks */ = {isa = PBXBuildFile; fileRef = 8FC8EA653C26C2D911075CD1 /* Pods_Peer_2_Peer.framework */; };
		A702133B1E8D3B83000BD030 /* AppDelegate.swift in Sources */ = {isa = PBXBuildFile; fileRef = A702133A1E8D3B83000BD030 /* AppDelegate.swift */; };
		A702133D1E8D3B83000BD030 /* SignUpVC.swift in Sources */ = {isa = PBXBuildFile; fileRef = A702133C1E8D3B83000BD030 /* SignUpVC.swift */; };
		A70213421E8D3B83000BD030 /* Main.storyboard in Resources */ = {isa = PBXBuildFile; fileRef = A70213401E8D3B83000BD030 /* Main.storyboard */; };
		A70213441E8D3B83000BD030 /* Assets.xcassets in Resources */ = {isa = PBXBuildFile; fileRef = A70213431E8D3B83000BD030 /* Assets.xcassets */; };
		A70213471E8D3B83000BD030 /* LaunchScreen.storyboard in Resources */ = {isa = PBXBuildFile; fileRef = A70213451E8D3B83000BD030 /* LaunchScreen.storyboard */; };
		A70213521E8D3B83000BD030 /* Peer_2_PeerTests.swift in Sources */ = {isa = PBXBuildFile; fileRef = A70213511E8D3B83000BD030 /* Peer_2_PeerTests.swift */; };
		A702135D1E8D3B83000BD030 /* Peer_2_PeerUITests.swift in Sources */ = {isa = PBXBuildFile; fileRef = A702135C1E8D3B83000BD030 /* Peer_2_PeerUITests.swift */; };
		A702136D1E8D3EE0000BD030 /* ManageVC.swift in Sources */ = {isa = PBXBuildFile; fileRef = A702136C1E8D3EE0000BD030 /* ManageVC.swift */; };
		A702136F1E8D4921000BD030 /* TutorCell.swift in Sources */ = {isa = PBXBuildFile; fileRef = A702136E1E8D4921000BD030 /* TutorCell.swift */; };
		A72148721EA5466200276257 /* Appointment.swift in Sources */ = {isa = PBXBuildFile; fileRef = A72148711EA5466200276257 /* Appointment.swift */; };
		A72408BA1E9939E300B2DE30 /* ClassList.swift in Sources */ = {isa = PBXBuildFile; fileRef = A72408B91E9939E300B2DE30 /* ClassList.swift */; };
		A738FB381E95291100530816 /* GoogleService-Info.plist in Resources */ = {isa = PBXBuildFile; fileRef = A738FB371E95291100530816 /* GoogleService-Info.plist */; };
		A770EC771EAAC29A00153759 /* ThankYouTutorVC.swift in Sources */ = {isa = PBXBuildFile; fileRef = A770EC761EAAC29A00153759 /* ThankYouTutorVC.swift */; };
		A7731FCE1EA6FEC500D6F932 /* AppointmentDetailsVC.swift in Sources */ = {isa = PBXBuildFile; fileRef = A7731FCD1EA6FEC500D6F932 /* AppointmentDetailsVC.swift */; };
		A77B5BD81E986C3A00E69569 /* ChooseSubjectTableVC.swift in Sources */ = {isa = PBXBuildFile; fileRef = A77B5BD71E986C3A00E69569 /* ChooseSubjectTableVC.swift */; };
		A77B5BDA1E98702400E69569 /* ChooseClassTableVC.swift in Sources */ = {isa = PBXBuildFile; fileRef = A77B5BD91E98702400E69569 /* ChooseClassTableVC.swift */; };
		A77E552A1E9E8DD800998FAC /* LoginVC.swift in Sources */ = {isa = PBXBuildFile; fileRef = A77E55291E9E8DD800998FAC /* LoginVC.swift */; };
		A77E552C1E9E938100998FAC /* TutorVC.swift in Sources */ = {isa = PBXBuildFile; fileRef = A77E552B1E9E938100998FAC /* TutorVC.swift */; };
		A77E552E1E9E981500998FAC /* ScheduleVC.swift in Sources */ = {isa = PBXBuildFile; fileRef = A77E552D1E9E981500998FAC /* ScheduleVC.swift */; };
		A77E55301E9EAB6300998FAC /* Day1VC.swift in Sources */ = {isa = PBXBuildFile; fileRef = A77E552F1E9EAB6300998FAC /* Day1VC.swift */; };
		A77E55321E9EABE500998FAC /* Day2VC.swift in Sources */ = {isa = PBXBuildFile; fileRef = A77E55311E9EABE500998FAC /* Day2VC.swift */; };
		A77E55341E9EABEE00998FAC /* Day3VC.swift in Sources */ = {isa = PBXBuildFile; fileRef = A77E55331E9EABEE00998FAC /* Day3VC.swift */; };
		A77E55361E9EABF700998FAC /* Day4VC.swift in Sources */ = {isa = PBXBuildFile; fileRef = A77E55351E9EABF700998FAC /* Day4VC.swift */; };
		A77E55381E9EAD2B00998FAC /* SpecificClassCell.swift in Sources */ = {isa = PBXBuildFile; fileRef = A77E55371E9EAD2B00998FAC /* SpecificClassCell.swift */; };
		A798B5121E92CD85007F1B23 /* UserInfoCell.swift in Sources */ = {isa = PBXBuildFile; fileRef = A798B5111E92CD85007F1B23 /* UserInfoCell.swift */; };
		A7CBD8CE1E9C6C140051DE8B /* ChooseTutorCollectionVC.swift in Sources */ = {isa = PBXBuildFile; fileRef = A7CBD8CD1E9C6C140051DE8B /* ChooseTutorCollectionVC.swift */; };
		A7CBD8D01E9C6F440051DE8B /* TutorCVCell.swift in Sources */ = {isa = PBXBuildFile; fileRef = A7CBD8CF1E9C6F440051DE8B /* TutorCVCell.swift */; };
		F0EF2F67242DC665E5A1C817 /* Pods_Peer_2_PeerUITests.framework in Frameworks */ = {isa = PBXBuildFile; fileRef = A4DC3C945704EA3D61855E2E /* Pods_Peer_2_PeerUITests.framework */; };
		FC1F54A95CB6FD7BC6738310 /* Pods_Peer_2_PeerTests.framework in Frameworks */ = {isa = PBXBuildFile; fileRef = 83A1B81CB9E94A3902C55E10 /* Pods_Peer_2_PeerTests.framework */; };
/* End PBXBuildFile section */

/* Begin PBXContainerItemProxy section */
		A702134E1E8D3B83000BD030 /* PBXContainerItemProxy */ = {
			isa = PBXContainerItemProxy;
			containerPortal = A702132F1E8D3B83000BD030 /* Project object */;
			proxyType = 1;
			remoteGlobalIDString = A70213361E8D3B83000BD030;
			remoteInfo = "Peer 2 Peer";
		};
		A70213591E8D3B83000BD030 /* PBXContainerItemProxy */ = {
			isa = PBXContainerItemProxy;
			containerPortal = A702132F1E8D3B83000BD030 /* Project object */;
			proxyType = 1;
			remoteGlobalIDString = A70213361E8D3B83000BD030;
			remoteInfo = "Peer 2 Peer";
		};
/* End PBXContainerItemProxy section */

/* Begin PBXFileReference section */
		2248575BCE27F756A4C0D247 /* Pods-Peer 2 Peer.debug.xcconfig */ = {isa = PBXFileReference; includeInIndex = 1; lastKnownFileType = text.xcconfig; name = "Pods-Peer 2 Peer.debug.xcconfig"; path = "Pods/Target Support Files/Pods-Peer 2 Peer/Pods-Peer 2 Peer.debug.xcconfig"; sourceTree = "<group>"; };
		54065DB6984DD169C3D8A719 /* Pods-Peer 2 PeerTests.debug.xcconfig */ = {isa = PBXFileReference; includeInIndex = 1; lastKnownFileType = text.xcconfig; name = "Pods-Peer 2 PeerTests.debug.xcconfig"; path = "Pods/Target Support Files/Pods-Peer 2 PeerTests/Pods-Peer 2 PeerTests.debug.xcconfig"; sourceTree = "<group>"; };
		83A1B81CB9E94A3902C55E10 /* Pods_Peer_2_PeerTests.framework */ = {isa = PBXFileReference; explicitFileType = wrapper.framework; includeInIndex = 0; path = Pods_Peer_2_PeerTests.framework; sourceTree = BUILT_PRODUCTS_DIR; };
		8FC8EA653C26C2D911075CD1 /* Pods_Peer_2_Peer.framework */ = {isa = PBXFileReference; explicitFileType = wrapper.framework; includeInIndex = 0; path = Pods_Peer_2_Peer.framework; sourceTree = BUILT_PRODUCTS_DIR; };
		A20188465AC1025914F68FED /* Pods-Peer 2 Peer.release.xcconfig */ = {isa = PBXFileReference; includeInIndex = 1; lastKnownFileType = text.xcconfig; name = "Pods-Peer 2 Peer.release.xcconfig"; path = "Pods/Target Support Files/Pods-Peer 2 Peer/Pods-Peer 2 Peer.release.xcconfig"; sourceTree = "<group>"; };
		A4DC3C945704EA3D61855E2E /* Pods_Peer_2_PeerUITests.framework */ = {isa = PBXFileReference; explicitFileType = wrapper.framework; includeInIndex = 0; path = Pods_Peer_2_PeerUITests.framework; sourceTree = BUILT_PRODUCTS_DIR; };
		A669734127DA8FBF36C3A5CE /* Pods-Peer 2 PeerUITests.release.xcconfig */ = {isa = PBXFileReference; includeInIndex = 1; lastKnownFileType = text.xcconfig; name = "Pods-Peer 2 PeerUITests.release.xcconfig"; path = "Pods/Target Support Files/Pods-Peer 2 PeerUITests/Pods-Peer 2 PeerUITests.release.xcconfig"; sourceTree = "<group>"; };
		A70213371E8D3B83000BD030 /* Peer 2 Peer.app */ = {isa = PBXFileReference; explicitFileType = wrapper.application; includeInIndex = 0; path = "Peer 2 Peer.app"; sourceTree = BUILT_PRODUCTS_DIR; };
		A702133A1E8D3B83000BD030 /* AppDelegate.swift */ = {isa = PBXFileReference; lastKnownFileType = sourcecode.swift; path = AppDelegate.swift; sourceTree = "<group>"; };
		A702133C1E8D3B83000BD030 /* SignUpVC.swift */ = {isa = PBXFileReference; lastKnownFileType = sourcecode.swift; path = SignUpVC.swift; sourceTree = "<group>"; };
		A70213411E8D3B83000BD030 /* Base */ = {isa = PBXFileReference; lastKnownFileType = file.storyboard; name = Base; path = Base.lproj/Main.storyboard; sourceTree = "<group>"; };
		A70213431E8D3B83000BD030 /* Assets.xcassets */ = {isa = PBXFileReference; lastKnownFileType = folder.assetcatalog; path = Assets.xcassets; sourceTree = "<group>"; };
		A70213461E8D3B83000BD030 /* Base */ = {isa = PBXFileReference; lastKnownFileType = file.storyboard; name = Base; path = Base.lproj/LaunchScreen.storyboard; sourceTree = "<group>"; };
		A70213481E8D3B83000BD030 /* Info.plist */ = {isa = PBXFileReference; lastKnownFileType = text.plist.xml; path = Info.plist; sourceTree = "<group>"; };
		A702134D1E8D3B83000BD030 /* Peer 2 PeerTests.xctest */ = {isa = PBXFileReference; explicitFileType = wrapper.cfbundle; includeInIndex = 0; path = "Peer 2 PeerTests.xctest"; sourceTree = BUILT_PRODUCTS_DIR; };
		A70213511E8D3B83000BD030 /* Peer_2_PeerTests.swift */ = {isa = PBXFileReference; lastKnownFileType = sourcecode.swift; path = Peer_2_PeerTests.swift; sourceTree = "<group>"; };
		A70213531E8D3B83000BD030 /* Info.plist */ = {isa = PBXFileReference; lastKnownFileType = text.plist.xml; path = Info.plist; sourceTree = "<group>"; };
		A70213581E8D3B83000BD030 /* Peer 2 PeerUITests.xctest */ = {isa = PBXFileReference; explicitFileType = wrapper.cfbundle; includeInIndex = 0; path = "Peer 2 PeerUITests.xctest"; sourceTree = BUILT_PRODUCTS_DIR; };
		A702135C1E8D3B83000BD030 /* Peer_2_PeerUITests.swift */ = {isa = PBXFileReference; lastKnownFileType = sourcecode.swift; path = Peer_2_PeerUITests.swift; sourceTree = "<group>"; };
		A702135E1E8D3B83000BD030 /* Info.plist */ = {isa = PBXFileReference; lastKnownFileType = text.plist.xml; path = Info.plist; sourceTree = "<group>"; };
		A702136C1E8D3EE0000BD030 /* ManageVC.swift */ = {isa = PBXFileReference; fileEncoding = 4; lastKnownFileType = sourcecode.swift; path = ManageVC.swift; sourceTree = "<group>"; };
		A702136E1E8D4921000BD030 /* TutorCell.swift */ = {isa = PBXFileReference; fileEncoding = 4; lastKnownFileType = sourcecode.swift; path = TutorCell.swift; sourceTree = "<group>"; };
		A70F9E101E9FB69C00D713F0 /* Peer 2 Peer.entitlements */ = {isa = PBXFileReference; lastKnownFileType = text.plist.entitlements; path = "Peer 2 Peer.entitlements"; sourceTree = "<group>"; };
		A72148711EA5466200276257 /* Appointment.swift */ = {isa = PBXFileReference; fileEncoding = 4; lastKnownFileType = sourcecode.swift; path = Appointment.swift; sourceTree = "<group>"; };
		A72408B91E9939E300B2DE30 /* ClassList.swift */ = {isa = PBXFileReference; fileEncoding = 4; lastKnownFileType = sourcecode.swift; path = ClassList.swift; sourceTree = "<group>"; };
		A738FB371E95291100530816 /* GoogleService-Info.plist */ = {isa = PBXFileReference; fileEncoding = 4; lastKnownFileType = text.plist.xml; path = "GoogleService-Info.plist"; sourceTree = "<group>"; };
		A770EC761EAAC29A00153759 /* ThankYouTutorVC.swift */ = {isa = PBXFileReference; fileEncoding = 4; lastKnownFileType = sourcecode.swift; path = ThankYouTutorVC.swift; sourceTree = "<group>"; };
		A7731FCD1EA6FEC500D6F932 /* AppointmentDetailsVC.swift */ = {isa = PBXFileReference; fileEncoding = 4; lastKnownFileType = sourcecode.swift; path = AppointmentDetailsVC.swift; sourceTree = "<group>"; };
		A77B5BD71E986C3A00E69569 /* ChooseSubjectTableVC.swift */ = {isa = PBXFileReference; fileEncoding = 4; lastKnownFileType = sourcecode.swift; path = ChooseSubjectTableVC.swift; sourceTree = "<group>"; };
		A77B5BD91E98702400E69569 /* ChooseClassTableVC.swift */ = {isa = PBXFileReference; fileEncoding = 4; lastKnownFileType = sourcecode.swift; path = ChooseClassTableVC.swift; sourceTree = "<group>"; };
		A77E55291E9E8DD800998FAC /* LoginVC.swift */ = {isa = PBXFileReference; fileEncoding = 4; lastKnownFileType = sourcecode.swift; path = LoginVC.swift; sourceTree = "<group>"; };
		A77E552B1E9E938100998FAC /* TutorVC.swift */ = {isa = PBXFileReference; fileEncoding = 4; lastKnownFileType = sourcecode.swift; path = TutorVC.swift; sourceTree = "<group>"; };
		A77E552D1E9E981500998FAC /* ScheduleVC.swift */ = {isa = PBXFileReference; fileEncoding = 4; lastKnownFileType = sourcecode.swift; path = ScheduleVC.swift; sourceTree = "<group>"; };
		A77E552F1E9EAB6300998FAC /* Day1VC.swift */ = {isa = PBXFileReference; fileEncoding = 4; lastKnownFileType = sourcecode.swift; path = Day1VC.swift; sourceTree = "<group>"; };
		A77E55311E9EABE500998FAC /* Day2VC.swift */ = {isa = PBXFileReference; fileEncoding = 4; lastKnownFileType = sourcecode.swift; path = Day2VC.swift; sourceTree = "<group>"; };
		A77E55331E9EABEE00998FAC /* Day3VC.swift */ = {isa = PBXFileReference; fileEncoding = 4; lastKnownFileType = sourcecode.swift; path = Day3VC.swift; sourceTree = "<group>"; };
		A77E55351E9EABF700998FAC /* Day4VC.swift */ = {isa = PBXFileReference; fileEncoding = 4; lastKnownFileType = sourcecode.swift; path = Day4VC.swift; sourceTree = "<group>"; };
		A77E55371E9EAD2B00998FAC /* SpecificClassCell.swift */ = {isa = PBXFileReference; fileEncoding = 4; lastKnownFileType = sourcecode.swift; path = SpecificClassCell.swift; sourceTree = "<group>"; };
		A798B5111E92CD85007F1B23 /* UserInfoCell.swift */ = {isa = PBXFileReference; fileEncoding = 4; lastKnownFileType = sourcecode.swift; path = UserInfoCell.swift; sourceTree = "<group>"; };
		A7CBD8CD1E9C6C140051DE8B /* ChooseTutorCollectionVC.swift */ = {isa = PBXFileReference; fileEncoding = 4; lastKnownFileType = sourcecode.swift; path = ChooseTutorCollectionVC.swift; sourceTree = "<group>"; };
		A7CBD8CF1E9C6F440051DE8B /* TutorCVCell.swift */ = {isa = PBXFileReference; fileEncoding = 4; lastKnownFileType = sourcecode.swift; path = TutorCVCell.swift; sourceTree = "<group>"; };
		B552CE92D4AE92E6CAE4F724 /* Pods-Peer 2 PeerTests.release.xcconfig */ = {isa = PBXFileReference; includeInIndex = 1; lastKnownFileType = text.xcconfig; name = "Pods-Peer 2 PeerTests.release.xcconfig"; path = "Pods/Target Support Files/Pods-Peer 2 PeerTests/Pods-Peer 2 PeerTests.release.xcconfig"; sourceTree = "<group>"; };
		D13EA534EBA2B8E10F34EA9B /* Pods-Peer 2 PeerUITests.debug.xcconfig */ = {isa = PBXFileReference; includeInIndex = 1; lastKnownFileType = text.xcconfig; name = "Pods-Peer 2 PeerUITests.debug.xcconfig"; path = "Pods/Target Support Files/Pods-Peer 2 PeerUITests/Pods-Peer 2 PeerUITests.debug.xcconfig"; sourceTree = "<group>"; };
/* End PBXFileReference section */

/* Begin PBXFrameworksBuildPhase section */
		A70213341E8D3B83000BD030 /* Frameworks */ = {
			isa = PBXFrameworksBuildPhase;
			buildActionMask = 2147483647;
			files = (
				09E86A9EFBB5EC4AC6B3AC0D /* Pods_Peer_2_Peer.framework in Frameworks */,
			);
			runOnlyForDeploymentPostprocessing = 0;
		};
		A702134A1E8D3B83000BD030 /* Frameworks */ = {
			isa = PBXFrameworksBuildPhase;
			buildActionMask = 2147483647;
			files = (
				FC1F54A95CB6FD7BC6738310 /* Pods_Peer_2_PeerTests.framework in Frameworks */,
			);
			runOnlyForDeploymentPostprocessing = 0;
		};
		A70213551E8D3B83000BD030 /* Frameworks */ = {
			isa = PBXFrameworksBuildPhase;
			buildActionMask = 2147483647;
			files = (
				F0EF2F67242DC665E5A1C817 /* Pods_Peer_2_PeerUITests.framework in Frameworks */,
			);
			runOnlyForDeploymentPostprocessing = 0;
		};
/* End PBXFrameworksBuildPhase section */

/* Begin PBXGroup section */
		84C1D43639CB5DBAE45ECF8D /* Pods */ = {
			isa = PBXGroup;
			children = (
				2248575BCE27F756A4C0D247 /* Pods-Peer 2 Peer.debug.xcconfig */,
				A20188465AC1025914F68FED /* Pods-Peer 2 Peer.release.xcconfig */,
				54065DB6984DD169C3D8A719 /* Pods-Peer 2 PeerTests.debug.xcconfig */,
				B552CE92D4AE92E6CAE4F724 /* Pods-Peer 2 PeerTests.release.xcconfig */,
				D13EA534EBA2B8E10F34EA9B /* Pods-Peer 2 PeerUITests.debug.xcconfig */,
				A669734127DA8FBF36C3A5CE /* Pods-Peer 2 PeerUITests.release.xcconfig */,
			);
			name = Pods;
			sourceTree = "<group>";
		};
		A702132E1E8D3B83000BD030 = {
			isa = PBXGroup;
			children = (
				A70213391E8D3B83000BD030 /* Peer 2 Peer */,
				A70213501E8D3B83000BD030 /* Peer 2 PeerTests */,
				A702135B1E8D3B83000BD030 /* Peer 2 PeerUITests */,
				A70213381E8D3B83000BD030 /* Products */,
				DA85F62D4DA2905008FC6DE5 /* Frameworks */,
				84C1D43639CB5DBAE45ECF8D /* Pods */,
			);
			sourceTree = "<group>";
		};
		A70213381E8D3B83000BD030 /* Products */ = {
			isa = PBXGroup;
			children = (
				A70213371E8D3B83000BD030 /* Peer 2 Peer.app */,
				A702134D1E8D3B83000BD030 /* Peer 2 PeerTests.xctest */,
				A70213581E8D3B83000BD030 /* Peer 2 PeerUITests.xctest */,
			);
			name = Products;
			sourceTree = "<group>";
		};
		A70213391E8D3B83000BD030 /* Peer 2 Peer */ = {
			isa = PBXGroup;
			children = (
				A70F9E101E9FB69C00D713F0 /* Peer 2 Peer.entitlements */,
				A702133A1E8D3B83000BD030 /* AppDelegate.swift */,
				A70213401E8D3B83000BD030 /* Main.storyboard */,
				A70213451E8D3B83000BD030 /* LaunchScreen.storyboard */,
				A79FDDD41EAF803D004B9819 /* View Controllers */,
				A79FDDD31EAF8022004B9819 /* Objects */,
				A79FDDD51EAF804A004B9819 /* Cells */,
				A70213431E8D3B83000BD030 /* Assets.xcassets */,
				A70213481E8D3B83000BD030 /* Info.plist */,
				A738FB371E95291100530816 /* GoogleService-Info.plist */,
			);
			path = "Peer 2 Peer";
			sourceTree = "<group>";
		};
		A70213501E8D3B83000BD030 /* Peer 2 PeerTests */ = {
			isa = PBXGroup;
			children = (
				A70213511E8D3B83000BD030 /* Peer_2_PeerTests.swift */,
				A70213531E8D3B83000BD030 /* Info.plist */,
			);
			path = "Peer 2 PeerTests";
			sourceTree = "<group>";
		};
		A702135B1E8D3B83000BD030 /* Peer 2 PeerUITests */ = {
			isa = PBXGroup;
			children = (
				A702135C1E8D3B83000BD030 /* Peer_2_PeerUITests.swift */,
				A702135E1E8D3B83000BD030 /* Info.plist */,
			);
			path = "Peer 2 PeerUITests";
			sourceTree = "<group>";
		};
		A79FDDD31EAF8022004B9819 /* Objects */ = {
			isa = PBXGroup;
			children = (
				A72148711EA5466200276257 /* Appointment.swift */,
				A72408B91E9939E300B2DE30 /* ClassList.swift */,
			);
			name = Objects;
			sourceTree = "<group>";
		};
		A79FDDD41EAF803D004B9819 /* View Controllers */ = {
			isa = PBXGroup;
			children = (
				A77E55291E9E8DD800998FAC /* LoginVC.swift */,
				A702136C1E8D3EE0000BD030 /* ManageVC.swift */,
				A7731FCD1EA6FEC500D6F932 /* AppointmentDetailsVC.swift */,
				A77E552D1E9E981500998FAC /* ScheduleVC.swift */,
				A77E552F1E9EAB6300998FAC /* Day1VC.swift */,
				A77E55311E9EABE500998FAC /* Day2VC.swift */,
				A77E55331E9EABEE00998FAC /* Day3VC.swift */,
				A77E55351E9EABF700998FAC /* Day4VC.swift */,
				A702133C1E8D3B83000BD030 /* SignUpVC.swift */,
				A77E552B1E9E938100998FAC /* TutorVC.swift */,
				A770EC761EAAC29A00153759 /* ThankYouTutorVC.swift */,
				A77B5BD71E986C3A00E69569 /* ChooseSubjectTableVC.swift */,
				A77B5BD91E98702400E69569 /* ChooseClassTableVC.swift */,
				A7CBD8CD1E9C6C140051DE8B /* ChooseTutorCollectionVC.swift */,
			);
			name = "View Controllers";
			sourceTree = "<group>";
		};
		A79FDDD51EAF804A004B9819 /* Cells */ = {
			isa = PBXGroup;
			children = (
				A7CBD8CF1E9C6F440051DE8B /* TutorCVCell.swift */,
				A77E55371E9EAD2B00998FAC /* SpecificClassCell.swift */,
				A798B5111E92CD85007F1B23 /* UserInfoCell.swift */,
				A702136E1E8D4921000BD030 /* TutorCell.swift */,
			);
			name = Cells;
			sourceTree = "<group>";
		};
		DA85F62D4DA2905008FC6DE5 /* Frameworks */ = {
			isa = PBXGroup;
			children = (
				8FC8EA653C26C2D911075CD1 /* Pods_Peer_2_Peer.framework */,
				83A1B81CB9E94A3902C55E10 /* Pods_Peer_2_PeerTests.framework */,
				A4DC3C945704EA3D61855E2E /* Pods_Peer_2_PeerUITests.framework */,
			);
			name = Frameworks;
			sourceTree = "<group>";
		};
/* End PBXGroup section */

/* Begin PBXNativeTarget section */
		A70213361E8D3B83000BD030 /* Peer 2 Peer */ = {
			isa = PBXNativeTarget;
			buildConfigurationList = A70213611E8D3B83000BD030 /* Build configuration list for PBXNativeTarget "Peer 2 Peer" */;
			buildPhases = (
				6D89196C14E2B4D4AB8F69A8 /* [CP] Check Pods Manifest.lock */,
				A70213331E8D3B83000BD030 /* Sources */,
				A70213341E8D3B83000BD030 /* Frameworks */,
				A70213351E8D3B83000BD030 /* Resources */,
				F26BE84C727417842DE7FE94 /* [CP] Embed Pods Frameworks */,
				808C9BD55303BC59DBBC66EA /* [CP] Copy Pods Resources */,
			);
			buildRules = (
			);
			dependencies = (
			);
			name = "Peer 2 Peer";
			productName = "Peer 2 Peer";
			productReference = A70213371E8D3B83000BD030 /* Peer 2 Peer.app */;
			productType = "com.apple.product-type.application";
		};
		A702134C1E8D3B83000BD030 /* Peer 2 PeerTests */ = {
			isa = PBXNativeTarget;
			buildConfigurationList = A70213641E8D3B83000BD030 /* Build configuration list for PBXNativeTarget "Peer 2 PeerTests" */;
			buildPhases = (
				35204E79FFDAEB27F27E0856 /* [CP] Check Pods Manifest.lock */,
				A70213491E8D3B83000BD030 /* Sources */,
				A702134A1E8D3B83000BD030 /* Frameworks */,
				A702134B1E8D3B83000BD030 /* Resources */,
				2731BF9ED3FC3E20F3F96A71 /* [CP] Embed Pods Frameworks */,
				435AADCC697CD1977E0BDDA5 /* [CP] Copy Pods Resources */,
			);
			buildRules = (
			);
			dependencies = (
				A702134F1E8D3B83000BD030 /* PBXTargetDependency */,
			);
			name = "Peer 2 PeerTests";
			productName = "Peer 2 PeerTests";
			productReference = A702134D1E8D3B83000BD030 /* Peer 2 PeerTests.xctest */;
			productType = "com.apple.product-type.bundle.unit-test";
		};
		A70213571E8D3B83000BD030 /* Peer 2 PeerUITests */ = {
			isa = PBXNativeTarget;
			buildConfigurationList = A70213671E8D3B83000BD030 /* Build configuration list for PBXNativeTarget "Peer 2 PeerUITests" */;
			buildPhases = (
				86A95426B4305EDE88349A10 /* [CP] Check Pods Manifest.lock */,
				A70213541E8D3B83000BD030 /* Sources */,
				A70213551E8D3B83000BD030 /* Frameworks */,
				A70213561E8D3B83000BD030 /* Resources */,
				EE73517A917190EBD42565EE /* [CP] Embed Pods Frameworks */,
				253EF2C8B34C27AD0E676B8B /* [CP] Copy Pods Resources */,
			);
			buildRules = (
			);
			dependencies = (
				A702135A1E8D3B83000BD030 /* PBXTargetDependency */,
			);
			name = "Peer 2 PeerUITests";
			productName = "Peer 2 PeerUITests";
			productReference = A70213581E8D3B83000BD030 /* Peer 2 PeerUITests.xctest */;
			productType = "com.apple.product-type.bundle.ui-testing";
		};
/* End PBXNativeTarget section */

/* Begin PBXProject section */
		A702132F1E8D3B83000BD030 /* Project object */ = {
			isa = PBXProject;
			attributes = {
				LastSwiftUpdateCheck = 0830;
				LastUpgradeCheck = 0830;
				ORGANIZATIONNAME = "Christopher Eckart";
				TargetAttributes = {
					A70213361E8D3B83000BD030 = {
						CreatedOnToolsVersion = 8.3;
						DevelopmentTeam = LV2DK9Y3L4;
						ProvisioningStyle = Automatic;
						SystemCapabilities = {
							com.apple.Keychain = {
								enabled = 1;
							};
						};
					};
					A702134C1E8D3B83000BD030 = {
						CreatedOnToolsVersion = 8.3;
						DevelopmentTeam = LV2DK9Y3L4;
						ProvisioningStyle = Automatic;
						TestTargetID = A70213361E8D3B83000BD030;
					};
					A70213571E8D3B83000BD030 = {
						CreatedOnToolsVersion = 8.3;
						DevelopmentTeam = LV2DK9Y3L4;
						ProvisioningStyle = Automatic;
						TestTargetID = A70213361E8D3B83000BD030;
					};
				};
			};
			buildConfigurationList = A70213321E8D3B83000BD030 /* Build configuration list for PBXProject "Peer 2 Peer" */;
			compatibilityVersion = "Xcode 3.2";
			developmentRegion = English;
			hasScannedForEncodings = 0;
			knownRegions = (
				en,
				Base,
			);
			mainGroup = A702132E1E8D3B83000BD030;
			productRefGroup = A70213381E8D3B83000BD030 /* Products */;
			projectDirPath = "";
			projectRoot = "";
			targets = (
				A70213361E8D3B83000BD030 /* Peer 2 Peer */,
				A702134C1E8D3B83000BD030 /* Peer 2 PeerTests */,
				A70213571E8D3B83000BD030 /* Peer 2 PeerUITests */,
			);
		};
/* End PBXProject section */

/* Begin PBXResourcesBuildPhase section */
		A70213351E8D3B83000BD030 /* Resources */ = {
			isa = PBXResourcesBuildPhase;
			buildActionMask = 2147483647;
			files = (
				A70213471E8D3B83000BD030 /* LaunchScreen.storyboard in Resources */,
				A738FB381E95291100530816 /* GoogleService-Info.plist in Resources */,
				A70213441E8D3B83000BD030 /* Assets.xcassets in Resources */,
				A70213421E8D3B83000BD030 /* Main.storyboard in Resources */,
			);
			runOnlyForDeploymentPostprocessing = 0;
		};
		A702134B1E8D3B83000BD030 /* Resources */ = {
			isa = PBXResourcesBuildPhase;
			buildActionMask = 2147483647;
			files = (
			);
			runOnlyForDeploymentPostprocessing = 0;
		};
		A70213561E8D3B83000BD030 /* Resources */ = {
			isa = PBXResourcesBuildPhase;
			buildActionMask = 2147483647;
			files = (
			);
			runOnlyForDeploymentPostprocessing = 0;
		};
/* End PBXResourcesBuildPhase section */

/* Begin PBXShellScriptBuildPhase section */
		253EF2C8B34C27AD0E676B8B /* [CP] Copy Pods Resources */ = {
			isa = PBXShellScriptBuildPhase;
			buildActionMask = 2147483647;
			files = (
			);
			inputPaths = (
			);
			name = "[CP] Copy Pods Resources";
			outputPaths = (
			);
			runOnlyForDeploymentPostprocessing = 0;
			shellPath = /bin/sh;
			shellScript = "\"${SRCROOT}/Pods/Target Support Files/Pods-Peer 2 PeerUITests/Pods-Peer 2 PeerUITests-resources.sh\"\n";
			showEnvVarsInLog = 0;
		};
		2731BF9ED3FC3E20F3F96A71 /* [CP] Embed Pods Frameworks */ = {
			isa = PBXShellScriptBuildPhase;
			buildActionMask = 2147483647;
			files = (
			);
			inputPaths = (
			);
			name = "[CP] Embed Pods Frameworks";
			outputPaths = (
			);
			runOnlyForDeploymentPostprocessing = 0;
			shellPath = /bin/sh;
			shellScript = "\"${SRCROOT}/Pods/Target Support Files/Pods-Peer 2 PeerTests/Pods-Peer 2 PeerTests-frameworks.sh\"\n";
			showEnvVarsInLog = 0;
		};
		35204E79FFDAEB27F27E0856 /* [CP] Check Pods Manifest.lock */ = {
			isa = PBXShellScriptBuildPhase;
			buildActionMask = 2147483647;
			files = (
			);
			inputPaths = (
			);
			name = "[CP] Check Pods Manifest.lock";
			outputPaths = (
			);
			runOnlyForDeploymentPostprocessing = 0;
			shellPath = /bin/sh;
			shellScript = "diff \"${PODS_ROOT}/../Podfile.lock\" \"${PODS_ROOT}/Manifest.lock\" > /dev/null\nif [ $? != 0 ] ; then\n    # print error to STDERR\n    echo \"error: The sandbox is not in sync with the Podfile.lock. Run 'pod install' or update your CocoaPods installation.\" >&2\n    exit 1\nfi\n";
			showEnvVarsInLog = 0;
		};
		435AADCC697CD1977E0BDDA5 /* [CP] Copy Pods Resources */ = {
			isa = PBXShellScriptBuildPhase;
			buildActionMask = 2147483647;
			files = (
			);
			inputPaths = (
			);
			name = "[CP] Copy Pods Resources";
			outputPaths = (
			);
			runOnlyForDeploymentPostprocessing = 0;
			shellPath = /bin/sh;
			shellScript = "\"${SRCROOT}/Pods/Target Support Files/Pods-Peer 2 PeerTests/Pods-Peer 2 PeerTests-resources.sh\"\n";
			showEnvVarsInLog = 0;
		};
		6D89196C14E2B4D4AB8F69A8 /* [CP] Check Pods Manifest.lock */ = {
			isa = PBXShellScriptBuildPhase;
			buildActionMask = 2147483647;
			files = (
			);
			inputPaths = (
			);
			name = "[CP] Check Pods Manifest.lock";
			outputPaths = (
			);
			runOnlyForDeploymentPostprocessing = 0;
			shellPath = /bin/sh;
			shellScript = "diff \"${PODS_ROOT}/../Podfile.lock\" \"${PODS_ROOT}/Manifest.lock\" > /dev/null\nif [ $? != 0 ] ; then\n    # print error to STDERR\n    echo \"error: The sandbox is not in sync with the Podfile.lock. Run 'pod install' or update your CocoaPods installation.\" >&2\n    exit 1\nfi\n";
			showEnvVarsInLog = 0;
		};
		808C9BD55303BC59DBBC66EA /* [CP] Copy Pods Resources */ = {
			isa = PBXShellScriptBuildPhase;
			buildActionMask = 2147483647;
			files = (
			);
			inputPaths = (
			);
			name = "[CP] Copy Pods Resources";
			outputPaths = (
			);
			runOnlyForDeploymentPostprocessing = 0;
			shellPath = /bin/sh;
			shellScript = "\"${SRCROOT}/Pods/Target Support Files/Pods-Peer 2 Peer/Pods-Peer 2 Peer-resources.sh\"\n";
			showEnvVarsInLog = 0;
		};
		86A95426B4305EDE88349A10 /* [CP] Check Pods Manifest.lock */ = {
			isa = PBXShellScriptBuildPhase;
			buildActionMask = 2147483647;
			files = (
			);
			inputPaths = (
			);
			name = "[CP] Check Pods Manifest.lock";
			outputPaths = (
			);
			runOnlyForDeploymentPostprocessing = 0;
			shellPath = /bin/sh;
			shellScript = "diff \"${PODS_ROOT}/../Podfile.lock\" \"${PODS_ROOT}/Manifest.lock\" > /dev/null\nif [ $? != 0 ] ; then\n    # print error to STDERR\n    echo \"error: The sandbox is not in sync with the Podfile.lock. Run 'pod install' or update your CocoaPods installation.\" >&2\n    exit 1\nfi\n";
			showEnvVarsInLog = 0;
		};
		EE73517A917190EBD42565EE /* [CP] Embed Pods Frameworks */ = {
			isa = PBXShellScriptBuildPhase;
			buildActionMask = 2147483647;
			files = (
			);
			inputPaths = (
			);
			name = "[CP] Embed Pods Frameworks";
			outputPaths = (
			);
			runOnlyForDeploymentPostprocessing = 0;
			shellPath = /bin/sh;
			shellScript = "\"${SRCROOT}/Pods/Target Support Files/Pods-Peer 2 PeerUITests/Pods-Peer 2 PeerUITests-frameworks.sh\"\n";
			showEnvVarsInLog = 0;
		};
		F26BE84C727417842DE7FE94 /* [CP] Embed Pods Frameworks */ = {
			isa = PBXShellScriptBuildPhase;
			buildActionMask = 2147483647;
			files = (
			);
			inputPaths = (
			);
			name = "[CP] Embed Pods Frameworks";
			outputPaths = (
			);
			runOnlyForDeploymentPostprocessing = 0;
			shellPath = /bin/sh;
			shellScript = "\"${SRCROOT}/Pods/Target Support Files/Pods-Peer 2 Peer/Pods-Peer 2 Peer-frameworks.sh\"\n";
			showEnvVarsInLog = 0;
		};
/* End PBXShellScriptBuildPhase section */

/* Begin PBXSourcesBuildPhase section */
		A70213331E8D3B83000BD030 /* Sources */ = {
			isa = PBXSourcesBuildPhase;
			buildActionMask = 2147483647;
			files = (
				A77E55381E9EAD2B00998FAC /* SpecificClassCell.swift in Sources */,
				A77E552E1E9E981500998FAC /* ScheduleVC.swift in Sources */,
				A7731FCE1EA6FEC500D6F932 /* AppointmentDetailsVC.swift in Sources */,
				A770EC771EAAC29A00153759 /* ThankYouTutorVC.swift in Sources */,
				A702133B1E8D3B83000BD030 /* AppDelegate.swift in Sources */,
				A77E552A1E9E8DD800998FAC /* LoginVC.swift in Sources */,
				A798B5121E92CD85007F1B23 /* UserInfoCell.swift in Sources */,
				A77E55361E9EABF700998FAC /* Day4VC.swift in Sources */,
				A7CBD8CE1E9C6C140051DE8B /* ChooseTutorCollectionVC.swift in Sources */,
				A72148721EA5466200276257 /* Appointment.swift in Sources */,
				A77E55321E9EABE500998FAC /* Day2VC.swift in Sources */,
				A77B5BDA1E98702400E69569 /* ChooseClassTableVC.swift in Sources */,
				A702136F1E8D4921000BD030 /* TutorCell.swift in Sources */,
				A7CBD8D01E9C6F440051DE8B /* TutorCVCell.swift in Sources */,
				A72408BA1E9939E300B2DE30 /* ClassList.swift in Sources */,
				A77E552C1E9E938100998FAC /* TutorVC.swift in Sources */,
				A77E55301E9EAB6300998FAC /* Day1VC.swift in Sources */,
				A702133D1E8D3B83000BD030 /* SignUpVC.swift in Sources */,
				A77B5BD81E986C3A00E69569 /* ChooseSubjectTableVC.swift in Sources */,
				A702136D1E8D3EE0000BD030 /* ManageVC.swift in Sources */,
				A77E55341E9EABEE00998FAC /* Day3VC.swift in Sources */,
			);
			runOnlyForDeploymentPostprocessing = 0;
		};
		A70213491E8D3B83000BD030 /* Sources */ = {
			isa = PBXSourcesBuildPhase;
			buildActionMask = 2147483647;
			files = (
				A70213521E8D3B83000BD030 /* Peer_2_PeerTests.swift in Sources */,
			);
			runOnlyForDeploymentPostprocessing = 0;
		};
		A70213541E8D3B83000BD030 /* Sources */ = {
			isa = PBXSourcesBuildPhase;
			buildActionMask = 2147483647;
			files = (
				A702135D1E8D3B83000BD030 /* Peer_2_PeerUITests.swift in Sources */,
			);
			runOnlyForDeploymentPostprocessing = 0;
		};
/* End PBXSourcesBuildPhase section */

/* Begin PBXTargetDependency section */
		A702134F1E8D3B83000BD030 /* PBXTargetDependency */ = {
			isa = PBXTargetDependency;
			target = A70213361E8D3B83000BD030 /* Peer 2 Peer */;
			targetProxy = A702134E1E8D3B83000BD030 /* PBXContainerItemProxy */;
		};
		A702135A1E8D3B83000BD030 /* PBXTargetDependency */ = {
			isa = PBXTargetDependency;
			target = A70213361E8D3B83000BD030 /* Peer 2 Peer */;
			targetProxy = A70213591E8D3B83000BD030 /* PBXContainerItemProxy */;
		};
/* End PBXTargetDependency section */

/* Begin PBXVariantGroup section */
		A70213401E8D3B83000BD030 /* Main.storyboard */ = {
			isa = PBXVariantGroup;
			children = (
				A70213411E8D3B83000BD030 /* Base */,
			);
			name = Main.storyboard;
			sourceTree = "<group>";
		};
		A70213451E8D3B83000BD030 /* LaunchScreen.storyboard */ = {
			isa = PBXVariantGroup;
			children = (
				A70213461E8D3B83000BD030 /* Base */,
			);
			name = LaunchScreen.storyboard;
			sourceTree = "<group>";
		};
/* End PBXVariantGroup section */

/* Begin XCBuildConfiguration section */
		A702135F1E8D3B83000BD030 /* Debug */ = {
			isa = XCBuildConfiguration;
			buildSettings = {
				ALWAYS_SEARCH_USER_PATHS = NO;
				CLANG_ANALYZER_NONNULL = YES;
				CLANG_ANALYZER_NUMBER_OBJECT_CONVERSION = YES_AGGRESSIVE;
				CLANG_CXX_LANGUAGE_STANDARD = "gnu++0x";
				CLANG_CXX_LIBRARY = "libc++";
				CLANG_ENABLE_MODULES = YES;
				CLANG_ENABLE_OBJC_ARC = YES;
				CLANG_WARN_BOOL_CONVERSION = YES;
				CLANG_WARN_CONSTANT_CONVERSION = YES;
				CLANG_WARN_DIRECT_OBJC_ISA_USAGE = YES_ERROR;
				CLANG_WARN_DOCUMENTATION_COMMENTS = YES;
				CLANG_WARN_EMPTY_BODY = YES;
				CLANG_WARN_ENUM_CONVERSION = YES;
				CLANG_WARN_INFINITE_RECURSION = YES;
				CLANG_WARN_INT_CONVERSION = YES;
				CLANG_WARN_OBJC_ROOT_CLASS = YES_ERROR;
				CLANG_WARN_SUSPICIOUS_MOVE = YES;
				CLANG_WARN_UNREACHABLE_CODE = YES;
				CLANG_WARN__DUPLICATE_METHOD_MATCH = YES;
				"CODE_SIGN_IDENTITY[sdk=iphoneos*]" = "iPhone Developer";
				COPY_PHASE_STRIP = NO;
				DEBUG_INFORMATION_FORMAT = dwarf;
				ENABLE_STRICT_OBJC_MSGSEND = YES;
				ENABLE_TESTABILITY = YES;
				GCC_C_LANGUAGE_STANDARD = gnu99;
				GCC_DYNAMIC_NO_PIC = NO;
				GCC_NO_COMMON_BLOCKS = YES;
				GCC_OPTIMIZATION_LEVEL = 0;
				GCC_PREPROCESSOR_DEFINITIONS = (
					"DEBUG=1",
					"$(inherited)",
				);
				GCC_WARN_64_TO_32_BIT_CONVERSION = YES;
				GCC_WARN_ABOUT_RETURN_TYPE = YES_ERROR;
				GCC_WARN_UNDECLARED_SELECTOR = YES;
				GCC_WARN_UNINITIALIZED_AUTOS = YES_AGGRESSIVE;
				GCC_WARN_UNUSED_FUNCTION = YES;
				GCC_WARN_UNUSED_VARIABLE = YES;
				IPHONEOS_DEPLOYMENT_TARGET = 10.3;
				MTL_ENABLE_DEBUG_INFO = YES;
				ONLY_ACTIVE_ARCH = YES;
				SDKROOT = iphoneos;
				SWIFT_ACTIVE_COMPILATION_CONDITIONS = DEBUG;
				SWIFT_OPTIMIZATION_LEVEL = "-Onone";
				TARGETED_DEVICE_FAMILY = "1,2";
			};
			name = Debug;
		};
		A70213601E8D3B83000BD030 /* Release */ = {
			isa = XCBuildConfiguration;
			buildSettings = {
				ALWAYS_SEARCH_USER_PATHS = NO;
				CLANG_ANALYZER_NONNULL = YES;
				CLANG_ANALYZER_NUMBER_OBJECT_CONVERSION = YES_AGGRESSIVE;
				CLANG_CXX_LANGUAGE_STANDARD = "gnu++0x";
				CLANG_CXX_LIBRARY = "libc++";
				CLANG_ENABLE_MODULES = YES;
				CLANG_ENABLE_OBJC_ARC = YES;
				CLANG_WARN_BOOL_CONVERSION = YES;
				CLANG_WARN_CONSTANT_CONVERSION = YES;
				CLANG_WARN_DIRECT_OBJC_ISA_USAGE = YES_ERROR;
				CLANG_WARN_DOCUMENTATION_COMMENTS = YES;
				CLANG_WARN_EMPTY_BODY = YES;
				CLANG_WARN_ENUM_CONVERSION = YES;
				CLANG_WARN_INFINITE_RECURSION = YES;
				CLANG_WARN_INT_CONVERSION = YES;
				CLANG_WARN_OBJC_ROOT_CLASS = YES_ERROR;
				CLANG_WARN_SUSPICIOUS_MOVE = YES;
				CLANG_WARN_UNREACHABLE_CODE = YES;
				CLANG_WARN__DUPLICATE_METHOD_MATCH = YES;
				"CODE_SIGN_IDENTITY[sdk=iphoneos*]" = "iPhone Developer";
				COPY_PHASE_STRIP = NO;
				DEBUG_INFORMATION_FORMAT = "dwarf-with-dsym";
				ENABLE_NS_ASSERTIONS = NO;
				ENABLE_STRICT_OBJC_MSGSEND = YES;
				GCC_C_LANGUAGE_STANDARD = gnu99;
				GCC_NO_COMMON_BLOCKS = YES;
				GCC_WARN_64_TO_32_BIT_CONVERSION = YES;
				GCC_WARN_ABOUT_RETURN_TYPE = YES_ERROR;
				GCC_WARN_UNDECLARED_SELECTOR = YES;
				GCC_WARN_UNINITIALIZED_AUTOS = YES_AGGRESSIVE;
				GCC_WARN_UNUSED_FUNCTION = YES;
				GCC_WARN_UNUSED_VARIABLE = YES;
				IPHONEOS_DEPLOYMENT_TARGET = 10.3;
				MTL_ENABLE_DEBUG_INFO = NO;
				SDKROOT = iphoneos;
				SWIFT_OPTIMIZATION_LEVEL = "-O";
				TARGETED_DEVICE_FAMILY = "1,2";
				VALIDATE_PRODUCT = YES;
			};
			name = Release;
		};
		A70213621E8D3B83000BD030 /* Debug */ = {
			isa = XCBuildConfiguration;
			baseConfigurationReference = 2248575BCE27F756A4C0D247 /* Pods-Peer 2 Peer.debug.xcconfig */;
			buildSettings = {
				ASSETCATALOG_COMPILER_APPICON_NAME = AppIcon;
				CODE_SIGN_ENTITLEMENTS = "Peer 2 Peer/Peer 2 Peer.entitlements";
				DEVELOPMENT_TEAM = LV2DK9Y3L4;
				INFOPLIST_FILE = "Peer 2 Peer/Info.plist";
				LD_RUNPATH_SEARCH_PATHS = "$(inherited) @executable_path/Frameworks";
				PRODUCT_BUNDLE_IDENTIFIER = "eckart.Peer-2-Peer";
				PRODUCT_NAME = "$(TARGET_NAME)";
				SWIFT_VERSION = 3.0;
			};
			name = Debug;
		};
		A70213631E8D3B83000BD030 /* Release */ = {
			isa = XCBuildConfiguration;
			baseConfigurationReference = A20188465AC1025914F68FED /* Pods-Peer 2 Peer.release.xcconfig */;
			buildSettings = {
				ASSETCATALOG_COMPILER_APPICON_NAME = AppIcon;
				CODE_SIGN_ENTITLEMENTS = "Peer 2 Peer/Peer 2 Peer.entitlements";
				DEVELOPMENT_TEAM = LV2DK9Y3L4;
				INFOPLIST_FILE = "Peer 2 Peer/Info.plist";
				LD_RUNPATH_SEARCH_PATHS = "$(inherited) @executable_path/Frameworks";
				PRODUCT_BUNDLE_IDENTIFIER = "eckart.Peer-2-Peer";
				PRODUCT_NAME = "$(TARGET_NAME)";
				SWIFT_VERSION = 3.0;
			};
			name = Release;
		};
		A70213651E8D3B83000BD030 /* Debug */ = {
			isa = XCBuildConfiguration;
			baseConfigurationReference = 54065DB6984DD169C3D8A719 /* Pods-Peer 2 PeerTests.debug.xcconfig */;
			buildSettings = {
				ALWAYS_EMBED_SWIFT_STANDARD_LIBRARIES = YES;
				BUNDLE_LOADER = "$(TEST_HOST)";
				DEVELOPMENT_TEAM = LV2DK9Y3L4;
				INFOPLIST_FILE = "Peer 2 PeerTests/Info.plist";
				LD_RUNPATH_SEARCH_PATHS = "$(inherited) @executable_path/Frameworks @loader_path/Frameworks";
				PRODUCT_BUNDLE_IDENTIFIER = "eckart.Peer-2-PeerTests";
				PRODUCT_NAME = "$(TARGET_NAME)";
				SWIFT_VERSION = 3.0;
				TEST_HOST = "$(BUILT_PRODUCTS_DIR)/Peer 2 Peer.app/Peer 2 Peer";
			};
			name = Debug;
		};
		A70213661E8D3B83000BD030 /* Release */ = {
			isa = XCBuildConfiguration;
			baseConfigurationReference = B552CE92D4AE92E6CAE4F724 /* Pods-Peer 2 PeerTests.release.xcconfig */;
			buildSettings = {
				ALWAYS_EMBED_SWIFT_STANDARD_LIBRARIES = YES;
				BUNDLE_LOADER = "$(TEST_HOST)";
				DEVELOPMENT_TEAM = LV2DK9Y3L4;
				INFOPLIST_FILE = "Peer 2 PeerTests/Info.plist";
				LD_RUNPATH_SEARCH_PATHS = "$(inherited) @executable_path/Frameworks @loader_path/Frameworks";
				PRODUCT_BUNDLE_IDENTIFIER = "eckart.Peer-2-PeerTests";
				PRODUCT_NAME = "$(TARGET_NAME)";
				SWIFT_VERSION = 3.0;
				TEST_HOST = "$(BUILT_PRODUCTS_DIR)/Peer 2 Peer.app/Peer 2 Peer";
			};
			name = Release;
		};
		A70213681E8D3B83000BD030 /* Debug */ = {
			isa = XCBuildConfiguration;
			baseConfigurationReference = D13EA534EBA2B8E10F34EA9B /* Pods-Peer 2 PeerUITests.debug.xcconfig */;
			buildSettings = {
				ALWAYS_EMBED_SWIFT_STANDARD_LIBRARIES = YES;
				DEVELOPMENT_TEAM = LV2DK9Y3L4;
				INFOPLIST_FILE = "Peer 2 PeerUITests/Info.plist";
				LD_RUNPATH_SEARCH_PATHS = "$(inherited) @executable_path/Frameworks @loader_path/Frameworks";
				PRODUCT_BUNDLE_IDENTIFIER = "eckart.Peer-2-PeerUITests";
				PRODUCT_NAME = "$(TARGET_NAME)";
				SWIFT_VERSION = 3.0;
				TEST_TARGET_NAME = "Peer 2 Peer";
			};
			name = Debug;
		};
		A70213691E8D3B83000BD030 /* Release */ = {
			isa = XCBuildConfiguration;
			baseConfigurationReference = A669734127DA8FBF36C3A5CE /* Pods-Peer 2 PeerUITests.release.xcconfig */;
			buildSettings = {
				ALWAYS_EMBED_SWIFT_STANDARD_LIBRARIES = YES;
				DEVELOPMENT_TEAM = LV2DK9Y3L4;
				INFOPLIST_FILE = "Peer 2 PeerUITests/Info.plist";
				LD_RUNPATH_SEARCH_PATHS = "$(inherited) @executable_path/Frameworks @loader_path/Frameworks";
				PRODUCT_BUNDLE_IDENTIFIER = "eckart.Peer-2-PeerUITests";
				PRODUCT_NAME = "$(TARGET_NAME)";
				SWIFT_VERSION = 3.0;
				TEST_TARGET_NAME = "Peer 2 Peer";
			};
			name = Release;
		};
/* End XCBuildConfiguration section */

/* Begin XCConfigurationList section */
		A70213321E8D3B83000BD030 /* Build configuration list for PBXProject "Peer 2 Peer" */ = {
			isa = XCConfigurationList;
			buildConfigurations = (
				A702135F1E8D3B83000BD030 /* Debug */,
				A70213601E8D3B83000BD030 /* Release */,
			);
			defaultConfigurationIsVisible = 0;
			defaultConfigurationName = Release;
		};
		A70213611E8D3B83000BD030 /* Build configuration list for PBXNativeTarget "Peer 2 Peer" */ = {
			isa = XCConfigurationList;
			buildConfigurations = (
				A70213621E8D3B83000BD030 /* Debug */,
				A70213631E8D3B83000BD030 /* Release */,
			);
			defaultConfigurationIsVisible = 0;
			defaultConfigurationName = Release;
		};
		A70213641E8D3B83000BD030 /* Build configuration list for PBXNativeTarget "Peer 2 PeerTests" */ = {
			isa = XCConfigurationList;
			buildConfigurations = (
				A70213651E8D3B83000BD030 /* Debug */,
				A70213661E8D3B83000BD030 /* Release */,
			);
			defaultConfigurationIsVisible = 0;
			defaultConfigurationName = Release;
		};
		A70213671E8D3B83000BD030 /* Build configuration list for PBXNativeTarget "Peer 2 PeerUITests" */ = {
			isa = XCConfigurationList;
			buildConfigurations = (
				A70213681E8D3B83000BD030 /* Debug */,
				A70213691E8D3B83000BD030 /* Release */,
			);
			defaultConfigurationIsVisible = 0;
			defaultConfigurationName = Release;
		};
/* End XCConfigurationList section */
	};
	rootObject = A702132F1E8D3B83000BD030 /* Project object */;
}
